
Microsoft Visual Studio Solution File, Format Version 12.00
# Visual Studio Version 16
VisualStudioVersion = 16.0.29613.14
MinimumVisualStudioVersion = 10.0.40219.1
Project("{FAE04EC0-301F-11D3-BF4B-00C04F79EFBC}") = "FirstDays.UWP", "FirstDays\FirstDays.UWP\FirstDays.UWP.csproj", "{C6F47260-B6C1-4072-8423-C9DFCF169988}"
EndProject
Project("{FAE04EC0-301F-11D3-BF4B-00C04F79EFBC}") = "FirstDays.Android", "FirstDays\FirstDays.Android\FirstDays.Android.csproj", "{AA970BA1-80F5-4324-95DD-331F54A86E06}"
EndProject
Project("{FAE04EC0-301F-11D3-BF4B-00C04F79EFBC}") = "FirstDays.iOS", "FirstDays\FirstDays.iOS\FirstDays.iOS.csproj", "{DF863157-896F-4089-9008-A63A6BA6F63C}"
EndProject
Project("{FAE04EC0-301F-11D3-BF4B-00C04F79EFBC}") = "FirstDays", "FirstDays\FirstDays\FirstDays.csproj", "{6F238FA6-AE6A-4656-A0AE-D53E7357BCE6}"
EndProject
Global
	GlobalSection(SolutionConfigurationPlatforms) = preSolution
		Debug|Any CPU = Debug|Any CPU
		Debug|ARM = Debug|ARM
		Debug|iPhone = Debug|iPhone
		Debug|iPhoneSimulator = Debug|iPhoneSimulator
		Debug|x64 = Debug|x64
		Debug|x86 = Debug|x86
		Release|Any CPU = Release|Any CPU
		Release|ARM = Release|ARM
		Release|iPhone = Release|iPhone
		Release|iPhoneSimulator = Release|iPhoneSimulator
		Release|x64 = Release|x64
		Release|x86 = Release|x86
	EndGlobalSection
	GlobalSection(ProjectConfigurationPlatforms) = postSolution
		{C6F47260-B6C1-4072-8423-C9DFCF169988}.Debug|Any CPU.ActiveCfg = Debug|x86
		{C6F47260-B6C1-4072-8423-C9DFCF169988}.Debug|Any CPU.Build.0 = Debug|x86
		{C6F47260-B6C1-4072-8423-C9DFCF169988}.Debug|Any CPU.Deploy.0 = Debug|x86
		{C6F47260-B6C1-4072-8423-C9DFCF169988}.Debug|ARM.ActiveCfg = Debug|ARM
		{C6F47260-B6C1-4072-8423-C9DFCF169988}.Debug|ARM.Build.0 = Debug|ARM
		{C6F47260-B6C1-4072-8423-C9DFCF169988}.Debug|ARM.Deploy.0 = Debug|ARM
		{C6F47260-B6C1-4072-8423-C9DFCF169988}.Debug|iPhone.ActiveCfg = Debug|x86
		{C6F47260-B6C1-4072-8423-C9DFCF169988}.Debug|iPhone.Build.0 = Debug|x86
		{C6F47260-B6C1-4072-8423-C9DFCF169988}.Debug|iPhone.Deploy.0 = Debug|x86
		{C6F47260-B6C1-4072-8423-C9DFCF169988}.Debug|iPhoneSimulator.ActiveCfg = Debug|x86
		{C6F47260-B6C1-4072-8423-C9DFCF169988}.Debug|iPhoneSimulator.Build.0 = Debug|x86
		{C6F47260-B6C1-4072-8423-C9DFCF169988}.Debug|iPhoneSimulator.Deploy.0 = Debug|x86
		{C6F47260-B6C1-4072-8423-C9DFCF169988}.Debug|x64.ActiveCfg = Debug|x64
		{C6F47260-B6C1-4072-8423-C9DFCF169988}.Debug|x64.Build.0 = Debug|x64
		{C6F47260-B6C1-4072-8423-C9DFCF169988}.Debug|x64.Deploy.0 = Debug|x64
		{C6F47260-B6C1-4072-8423-C9DFCF169988}.Debug|x86.ActiveCfg = Debug|x86
		{C6F47260-B6C1-4072-8423-C9DFCF169988}.Debug|x86.Build.0 = Debug|x86
		{C6F47260-B6C1-4072-8423-C9DFCF169988}.Debug|x86.Deploy.0 = Debug|x86
		{C6F47260-B6C1-4072-8423-C9DFCF169988}.Release|Any CPU.ActiveCfg = Release|x86
		{C6F47260-B6C1-4072-8423-C9DFCF169988}.Release|Any CPU.Build.0 = Release|x86
		{C6F47260-B6C1-4072-8423-C9DFCF169988}.Release|Any CPU.Deploy.0 = Release|x86
		{C6F47260-B6C1-4072-8423-C9DFCF169988}.Release|ARM.ActiveCfg = Release|ARM
		{C6F47260-B6C1-4072-8423-C9DFCF169988}.Release|ARM.Build.0 = Release|ARM
		{C6F47260-B6C1-4072-8423-C9DFCF169988}.Release|ARM.Deploy.0 = Release|ARM
		{C6F47260-B6C1-4072-8423-C9DFCF169988}.Release|iPhone.ActiveCfg = Release|x86
		{C6F47260-B6C1-4072-8423-C9DFCF169988}.Release|iPhone.Build.0 = Release|x86
		{C6F47260-B6C1-4072-8423-C9DFCF169988}.Release|iPhone.Deploy.0 = Release|x86
		{C6F47260-B6C1-4072-8423-C9DFCF169988}.Release|iPhoneSimulator.ActiveCfg = Release|x86
		{C6F47260-B6C1-4072-8423-C9DFCF169988}.Release|iPhoneSimulator.Build.0 = Release|x86
		{C6F47260-B6C1-4072-8423-C9DFCF169988}.Release|iPhoneSimulator.Deploy.0 = Release|x86
		{C6F47260-B6C1-4072-8423-C9DFCF169988}.Release|x64.ActiveCfg = Release|x64
		{C6F47260-B6C1-4072-8423-C9DFCF169988}.Release|x64.Build.0 = Release|x64
		{C6F47260-B6C1-4072-8423-C9DFCF169988}.Release|x64.Deploy.0 = Release|x64
		{C6F47260-B6C1-4072-8423-C9DFCF169988}.Release|x86.ActiveCfg = Release|x86
		{C6F47260-B6C1-4072-8423-C9DFCF169988}.Release|x86.Build.0 = Release|x86
		{C6F47260-B6C1-4072-8423-C9DFCF169988}.Release|x86.Deploy.0 = Release|x86
		{AA970BA1-80F5-4324-95DD-331F54A86E06}.Debug|Any CPU.ActiveCfg = Debug|Any CPU
		{AA970BA1-80F5-4324-95DD-331F54A86E06}.Debug|Any CPU.Build.0 = Debug|Any CPU
		{AA970BA1-80F5-4324-95DD-331F54A86E06}.Debug|Any CPU.Deploy.0 = Debug|Any CPU
		{AA970BA1-80F5-4324-95DD-331F54A86E06}.Debug|ARM.ActiveCfg = Debug|Any CPU
		{AA970BA1-80F5-4324-95DD-331F54A86E06}.Debug|ARM.Build.0 = Debug|Any CPU
		{AA970BA1-80F5-4324-95DD-331F54A86E06}.Debug|ARM.Deploy.0 = Debug|Any CPU
		{AA970BA1-80F5-4324-95DD-331F54A86E06}.Debug|iPhone.ActiveCfg = Debug|Any CPU
		{AA970BA1-80F5-4324-95DD-331F54A86E06}.Debug|iPhone.Build.0 = Debug|Any CPU
		{AA970BA1-80F5-4324-95DD-331F54A86E06}.Debug|iPhone.Deploy.0 = Debug|Any CPU
		{AA970BA1-80F5-4324-95DD-331F54A86E06}.Debug|iPhoneSimulator.ActiveCfg = Debug|Any CPU
		{AA970BA1-80F5-4324-95DD-331F54A86E06}.Debug|iPhoneSimulator.Build.0 = Debug|Any CPU
		{AA970BA1-80F5-4324-95DD-331F54A86E06}.Debug|iPhoneSimulator.Deploy.0 = Debug|Any CPU
		{AA970BA1-80F5-4324-95DD-331F54A86E06}.Debug|x64.ActiveCfg = Debug|Any CPU
		{AA970BA1-80F5-4324-95DD-331F54A86E06}.Debug|x64.Build.0 = Debug|Any CPU
		{AA970BA1-80F5-4324-95DD-331F54A86E06}.Debug|x64.Deploy.0 = Debug|Any CPU
		{AA970BA1-80F5-4324-95DD-331F54A86E06}.Debug|x86.ActiveCfg = Debug|Any CPU
		{AA970BA1-80F5-4324-95DD-331F54A86E06}.Debug|x86.Build.0 = Debug|Any CPU
		{AA970BA1-80F5-4324-95DD-331F54A86E06}.Debug|x86.Deploy.0 = Debug|Any CPU
		{AA970BA1-80F5-4324-95DD-331F54A86E06}.Release|Any CPU.ActiveCfg = Release|Any CPU
		{AA970BA1-80F5-4324-95DD-331F54A86E06}.Release|Any CPU.Build.0 = Release|Any CPU
		{AA970BA1-80F5-4324-95DD-331F54A86E06}.Release|Any CPU.Deploy.0 = Release|Any CPU
		{AA970BA1-80F5-4324-95DD-331F54A86E06}.Release|ARM.ActiveCfg = Release|Any CPU
		{AA970BA1-80F5-4324-95DD-331F54A86E06}.Release|ARM.Build.0 = Release|Any CPU
		{AA970BA1-80F5-4324-95DD-331F54A86E06}.Release|ARM.Deploy.0 = Release|Any CPU
		{AA970BA1-80F5-4324-95DD-331F54A86E06}.Release|iPhone.ActiveCfg = Release|Any CPU
		{AA970BA1-80F5-4324-95DD-331F54A86E06}.Release|iPhone.Build.0 = Release|Any CPU
		{AA970BA1-80F5-4324-95DD-331F54A86E06}.Release|iPhone.Deploy.0 = Release|Any CPU
		{AA970BA1-80F5-4324-95DD-331F54A86E06}.Release|iPhoneSimulator.ActiveCfg = Release|Any CPU
		{AA970BA1-80F5-4324-95DD-331F54A86E06}.Release|iPhoneSimulator.Build.0 = Release|Any CPU
		{AA970BA1-80F5-4324-95DD-331F54A86E06}.Release|iPhoneSimulator.Deploy.0 = Release|Any CPU
		{AA970BA1-80F5-4324-95DD-331F54A86E06}.Release|x64.ActiveCfg = Release|Any CPU
		{AA970BA1-80F5-4324-95DD-331F54A86E06}.Release|x64.Build.0 = Release|Any CPU
		{AA970BA1-80F5-4324-95DD-331F54A86E06}.Release|x64.Deploy.0 = Release|Any CPU
		{AA970BA1-80F5-4324-95DD-331F54A86E06}.Release|x86.ActiveCfg = Release|Any CPU
		{AA970BA1-80F5-4324-95DD-331F54A86E06}.Release|x86.Build.0 = Release|Any CPU
		{AA970BA1-80F5-4324-95DD-331F54A86E06}.Release|x86.Deploy.0 = Release|Any CPU
		{DF863157-896F-4089-9008-A63A6BA6F63C}.Debug|Any CPU.ActiveCfg = Debug|iPhone
		{DF863157-896F-4089-9008-A63A6BA6F63C}.Debug|Any CPU.Build.0 = Debug|iPhone
		{DF863157-896F-4089-9008-A63A6BA6F63C}.Debug|Any CPU.Deploy.0 = Debug|iPhone
		{DF863157-896F-4089-9008-A63A6BA6F63C}.Debug|ARM.ActiveCfg = Debug|iPhoneSimulator
		{DF863157-896F-4089-9008-A63A6BA6F63C}.Debug|ARM.Build.0 = Debug|iPhoneSimulator
		{DF863157-896F-4089-9008-A63A6BA6F63C}.Debug|ARM.Deploy.0 = Debug|iPhoneSimulator
		{DF863157-896F-4089-9008-A63A6BA6F63C}.Debug|iPhone.ActiveCfg = Debug|iPhone
		{DF863157-896F-4089-9008-A63A6BA6F63C}.Debug|iPhone.Build.0 = Debug|iPhone
		{DF863157-896F-4089-9008-A63A6BA6F63C}.Debug|iPhone.Deploy.0 = Debug|iPhone
		{DF863157-896F-4089-9008-A63A6BA6F63C}.Debug|iPhoneSimulator.ActiveCfg = Debug|iPhoneSimulator
		{DF863157-896F-4089-9008-A63A6BA6F63C}.Debug|iPhoneSimulator.Build.0 = Debug|iPhoneSimulator
		{DF863157-896F-4089-9008-A63A6BA6F63C}.Debug|iPhoneSimulator.Deploy.0 = Debug|iPhoneSimulator
		{DF863157-896F-4089-9008-A63A6BA6F63C}.Debug|x64.ActiveCfg = Debug|iPhone
		{DF863157-896F-4089-9008-A63A6BA6F63C}.Debug|x64.Build.0 = Debug|iPhone
		{DF863157-896F-4089-9008-A63A6BA6F63C}.Debug|x64.Deploy.0 = Debug|iPhone
		{DF863157-896F-4089-9008-A63A6BA6F63C}.Debug|x86.ActiveCfg = Debug|iPhone
		{DF863157-896F-4089-9008-A63A6BA6F63C}.Debug|x86.Build.0 = Debug|iPhone
		{DF863157-896F-4089-9008-A63A6BA6F63C}.Debug|x86.Deploy.0 = Debug|iPhone
		{DF863157-896F-4089-9008-A63A6BA6F63C}.Release|Any CPU.ActiveCfg = Release|iPhone
		{DF863157-896F-4089-9008-A63A6BA6F63C}.Release|Any CPU.Build.0 = Release|iPhone
		{DF863157-896F-4089-9008-A63A6BA6F63C}.Release|Any CPU.Deploy.0 = Release|iPhone
		{DF863157-896F-4089-9008-A63A6BA6F63C}.Release|ARM.ActiveCfg = Release|iPhone
		{DF863157-896F-4089-9008-A63A6BA6F63C}.Release|ARM.Build.0 = Release|iPhone
		{DF863157-896F-4089-9008-A63A6BA6F63C}.Release|ARM.Deploy.0 = Release|iPhone
		{DF863157-896F-4089-9008-A63A6BA6F63C}.Release|iPhone.ActiveCfg = Release|iPhone
		{DF863157-896F-4089-9008-A63A6BA6F63C}.Release|iPhone.Build.0 = Release|iPhone
		{DF863157-896F-4089-9008-A63A6BA6F63C}.Release|iPhone.Deploy.0 = Release|iPhone
		{DF863157-896F-4089-9008-A63A6BA6F63C}.Release|iPhoneSimulator.ActiveCfg = Release|iPhoneSimulator
		{DF863157-896F-4089-9008-A63A6BA6F63C}.Release|iPhoneSimulator.Build.0 = Release|iPhoneSimulator
		{DF863157-896F-4089-9008-A63A6BA6F63C}.Release|iPhoneSimulator.Deploy.0 = Release|iPhoneSimulator
		{DF863157-896F-4089-9008-A63A6BA6F63C}.Release|x64.ActiveCfg = Release|iPhone
		{DF863157-896F-4089-9008-A63A6BA6F63C}.Release|x64.Build.0 = Release|iPhone
		{DF863157-896F-4089-9008-A63A6BA6F63C}.Release|x64.Deploy.0 = Release|iPhone
		{DF863157-896F-4089-9008-A63A6BA6F63C}.Release|x86.ActiveCfg = Release|iPhone
		{DF863157-896F-4089-9008-A63A6BA6F63C}.Release|x86.Build.0 = Release|iPhone
		{DF863157-896F-4089-9008-A63A6BA6F63C}.Release|x86.Deploy.0 = Release|iPhone
		{6F238FA6-AE6A-4656-A0AE-D53E7357BCE6}.Debug|Any CPU.ActiveCfg = Debug|Any CPU
		{6F238FA6-AE6A-4656-A0AE-D53E7357BCE6}.Debug|Any CPU.Build.0 = Debug|Any CPU
		{6F238FA6-AE6A-4656-A0AE-D53E7357BCE6}.Debug|Any CPU.Deploy.0 = Debug|Any CPU
		{6F238FA6-AE6A-4656-A0AE-D53E7357BCE6}.Debug|ARM.ActiveCfg = Debug|Any CPU
		{6F238FA6-AE6A-4656-A0AE-D53E7357BCE6}.Debug|ARM.Build.0 = Debug|Any CPU
		{6F238FA6-AE6A-4656-A0AE-D53E7357BCE6}.Debug|ARM.Deploy.0 = Debug|Any CPU
		{6F238FA6-AE6A-4656-A0AE-D53E7357BCE6}.Debug|iPhone.ActiveCfg = Debug|Any CPU
		{6F238FA6-AE6A-4656-A0AE-D53E7357BCE6}.Debug|iPhone.Build.0 = Debug|Any CPU
		{6F238FA6-AE6A-4656-A0AE-D53E7357BCE6}.Debug|iPhone.Deploy.0 = Debug|Any CPU
		{6F238FA6-AE6A-4656-A0AE-D53E7357BCE6}.Debug|iPhoneSimulator.ActiveCfg = Debug|Any CPU
		{6F238FA6-AE6A-4656-A0AE-D53E7357BCE6}.Debug|iPhoneSimulator.Build.0 = Debug|Any CPU
		{6F238FA6-AE6A-4656-A0AE-D53E7357BCE6}.Debug|iPhoneSimulator.Deploy.0 = Debug|Any CPU
		{6F238FA6-AE6A-4656-A0AE-D53E7357BCE6}.Debug|x64.ActiveCfg = Debug|Any CPU
		{6F238FA6-AE6A-4656-A0AE-D53E7357BCE6}.Debug|x64.Build.0 = Debug|Any CPU
		{6F238FA6-AE6A-4656-A0AE-D53E7357BCE6}.Debug|x64.Deploy.0 = Debug|Any CPU
		{6F238FA6-AE6A-4656-A0AE-D53E7357BCE6}.Debug|x86.ActiveCfg = Debug|Any CPU
		{6F238FA6-AE6A-4656-A0AE-D53E7357BCE6}.Debug|x86.Build.0 = Debug|Any CPU
		{6F238FA6-AE6A-4656-A0AE-D53E7357BCE6}.Debug|x86.Deploy.0 = Debug|Any CPU
		{6F238FA6-AE6A-4656-A0AE-D53E7357BCE6}.Release|Any CPU.ActiveCfg = Release|Any CPU
		{6F238FA6-AE6A-4656-A0AE-D53E7357BCE6}.Release|Any CPU.Build.0 = Release|Any CPU
		{6F238FA6-AE6A-4656-A0AE-D53E7357BCE6}.Release|Any CPU.Deploy.0 = Release|Any CPU
		{6F238FA6-AE6A-4656-A0AE-D53E7357BCE6}.Release|ARM.ActiveCfg = Release|Any CPU
		{6F238FA6-AE6A-4656-A0AE-D53E7357BCE6}.Release|ARM.Build.0 = Release|Any CPU
		{6F238FA6-AE6A-4656-A0AE-D53E7357BCE6}.Release|ARM.Deploy.0 = Release|Any CPU
		{6F238FA6-AE6A-4656-A0AE-D53E7357BCE6}.Release|iPhone.ActiveCfg = Release|Any CPU
		{6F238FA6-AE6A-4656-A0AE-D53E7357BCE6}.Release|iPhone.Build.0 = Release|Any CPU
		{6F238FA6-AE6A-4656-A0AE-D53E7357BCE6}.Release|iPhone.Deploy.0 = Release|Any CPU
		{6F238FA6-AE6A-4656-A0AE-D53E7357BCE6}.Release|iPhoneSimulator.ActiveCfg = Release|Any CPU
		{6F238FA6-AE6A-4656-A0AE-D53E7357BCE6}.Release|iPhoneSimulator.Build.0 = Release|Any CPU
		{6F238FA6-AE6A-4656-A0AE-D53E7357BCE6}.Release|iPhoneSimulator.Deploy.0 = Release|Any CPU
		{6F238FA6-AE6A-4656-A0AE-D53E7357BCE6}.Release|x64.ActiveCfg = Release|Any CPU
		{6F238FA6-AE6A-4656-A0AE-D53E7357BCE6}.Release|x64.Build.0 = Release|Any CPU
		{6F238FA6-AE6A-4656-A0AE-D53E7357BCE6}.Release|x64.Deploy.0 = Release|Any CPU
		{6F238FA6-AE6A-4656-A0AE-D53E7357BCE6}.Release|x86.ActiveCfg = Release|Any CPU
		{6F238FA6-AE6A-4656-A0AE-D53E7357BCE6}.Release|x86.Build.0 = Release|Any CPU
		{6F238FA6-AE6A-4656-A0AE-D53E7357BCE6}.Release|x86.Deploy.0 = Release|Any CPU
	EndGlobalSection
	GlobalSection(SolutionProperties) = preSolution
		HideSolutionNode = FALSE
	EndGlobalSection
	GlobalSection(ExtensibilityGlobals) = postSolution
		SolutionGuid = {D4FF5E36-74A0-41F7-9E1F-7B5D461DA52C}
	EndGlobalSection
EndGlobal
